{
  "nodes": {
    "flake-compat": {
      "flake": false,
      "locked": {
        "lastModified": 1606424373,
        "narHash": "sha256-oq8d4//CJOrVj+EcOaSXvMebvuTkmBJuT5tzlfewUnQ=",
        "owner": "edolstra",
        "repo": "flake-compat",
        "rev": "99f1c2157fba4bfe6211a321fd0ee43199025dbf",
        "type": "github"
      },
      "original": {
        "owner": "edolstra",
        "repo": "flake-compat",
        "type": "github"
      }
    },
    "nixpkgs": {
      "locked": {
        "lastModified": 1617325113,
        "narHash": "sha256-GksR0nvGxfZ79T91UUtWjjccxazv6Yh/MvEJ82v1Xmw=",
        "owner": "NixOS",
        "repo": "nixpkgs",
        "rev": "54c1e44240d8a527a8f4892608c4bce5440c3ecb",
        "type": "github"
      },
      "original": {
        "owner": "NixOS",
        "ref": "nixpkgs-unstable",
        "repo": "nixpkgs",
        "type": "github"
      }
    },
    "rocksdb-src": {
      "flake": false,
      "locked": {
        "lastModified": 1591386556,
        "narHash": "sha256-QY/8JMWIZ7gVR00bRhcPYM+H7dR54B2ZjCKgfs3CXLg=",
        "owner": "facebook",
        "repo": "rocksdb",
        "rev": "1482c8697c260cc12f7fce9f15401a85330d2ff1",
        "type": "github"
      },
      "original": {
        "owner": "facebook",
        "ref": "v6.10.2",
        "repo": "rocksdb",
        "type": "github"
      }
    },
    "root": {
      "inputs": {
        "flake-compat": "flake-compat",
        "nixpkgs": "nixpkgs",
        "rocksdb-src": "rocksdb-src",
        "src": "src"
      }
    },
    "src": {
      "flake": false,
      "locked": {
        "lastModified": 1602110072,
        "narHash": "sha256-NOMVR+oqULoV6b6SmWeGf1XHfIe+zNkjHCp8mudv6DM=",
        "owner": "apple",
        "repo": "foundationdb",
        "rev": "cb52535f4699d30beceb7ad6220ab8d7299da946",
        "type": "github"
      },
      "original": {
        "owner": "apple",
        "ref": "6.3.9",
        "repo": "foundationdb",
        "type": "github"
      }
    }
  },
  "root": "root",
  "version": 7
}
