{
  "nodes": {
    "nixpkgs": {
      "locked": {
        "lastModified": 1622922048,
        "narHash": "sha256-nTyKxe0n7l/4HSmYaIN+63WQrvHrTJY6drSwP7bMqhU=",
        "owner": "NixOS",
        "repo": "nixpkgs",
        "rev": "5de44c15758465f8ddf84d541ba300b48e56eda4",
        "type": "github"
      },
      "original": {
        "owner": "NixOS",
        "ref": "nixos-21.05",
        "repo": "nixpkgs",
        "type": "github"
      }
    },
    "rocksdb-src": {
      "flake": false,
      "locked": {
        "lastModified": 1591386556,
        "narHash": "sha256-QY/8JMWIZ7gVR00bRhcPYM+H7dR54B2ZjCKgfs3CXLg=",
        "owner": "facebook",
        "repo": "rocksdb",
        "rev": "1482c8697c260cc12f7fce9f15401a85330d2ff1",
        "type": "github"
      },
      "original": {
        "owner": "facebook",
        "ref": "v6.10.2",
        "repo": "rocksdb",
        "type": "github"
      }
    },
    "root": {
      "inputs": {
        "nixpkgs": "nixpkgs",
        "rocksdb-src": "rocksdb-src",
        "src": "src"
      }
    },
    "src": {
      "flake": false,
      "locked": {
        "lastModified": 1621010586,
        "narHash": "sha256-KxksR7KMM3LmeznJkdNPM9gAyVJIuER6UY12zIjwKs8=",
        "owner": "apple",
        "repo": "foundationdb",
        "rev": "5b6a7456c8bf8f4af00bcbf480ba3463f5095fd8",
        "type": "github"
      },
      "original": {
        "owner": "apple",
        "ref": "6.3.13",
        "repo": "foundationdb",
        "type": "github"
      }
    }
  },
  "root": "root",
  "version": 7
}
